
Microsoft Visual Studio Solution File, Format Version 12.00
# Visual Studio Version 17
VisualStudioVersion = 17.5.002.0
MinimumVisualStudioVersion = 10.0.40219.1
Project("{9A19103F-16F7-4668-BE54-9A1E7A4F7556}") = "PersonDataChangesService", "PersonDataChangesService/PersonDataChangesService.csproj", "{5CA817E8-68E1-46C9-B0B0-2EEDBF152AE0}"
EndProject
Project("{FAE04EC0-301F-11D3-BF4B-00C04F79EFBC}") = "PersonDataChangesService.Tests", "PersonDataChangesService.Tests\PersonDataChangesService.Tests.csproj", "{58A80C6A-E763-4913-A9D1-A0AA863B6C0C}"
EndProject
Global
	GlobalSection(SolutionConfigurationPlatforms) = preSolution
		Debug|Any CPU = Debug|Any CPU
		Release|Any CPU = Release|Any CPU
	EndGlobalSection
	GlobalSection(ProjectConfigurationPlatforms) = postSolution
		{5CA817E8-68E1-46C9-B0B0-2EEDBF152AE0}.Debug|Any CPU.ActiveCfg = Debug|Any CPU
		{5CA817E8-68E1-46C9-B0B0-2EEDBF152AE0}.Debug|Any CPU.Build.0 = Debug|Any CPU
		{5CA817E8-68E1-46C9-B0B0-2EEDBF152AE0}.Release|Any CPU.ActiveCfg = Release|Any CPU
		{5CA817E8-68E1-46C9-B0B0-2EEDBF152AE0}.Release|Any CPU.Build.0 = Release|Any CPU
		{58A80C6A-E763-4913-A9D1-A0AA863B6C0C}.Debug|Any CPU.ActiveCfg = Debug|Any CPU
		{58A80C6A-E763-4913-A9D1-A0AA863B6C0C}.Debug|Any CPU.Build.0 = Debug|Any CPU
		{58A80C6A-E763-4913-A9D1-A0AA863B6C0C}.Release|Any CPU.ActiveCfg = Release|Any CPU
		{58A80C6A-E763-4913-A9D1-A0AA863B6C0C}.Release|Any CPU.Build.0 = Release|Any CPU
	EndGlobalSection
	GlobalSection(SolutionProperties) = preSolution
		HideSolutionNode = FALSE
	EndGlobalSection
	GlobalSection(ExtensibilityGlobals) = postSolution
		SolutionGuid = {54F9D39D-D64A-49D3-8BC6-B5FC64E113F7}
	EndGlobalSection
EndGlobal
